
Microsoft Visual Studio Solution File, Format Version 12.00
# Visual Studio Version 17
VisualStudioVersion = 17.11.35312.102
MinimumVisualStudioVersion = 10.0.40219.1
Project("{FAE04EC0-301F-11D3-BF4B-00C04F79EFBC}") = "KinokoTakenokoApp", "KinokoTakenokoApp\KinokoTakenokoApp.csproj", "{F6CB456B-96E1-405F-90D9-A95940D8EABA}"
EndProject
Global
	GlobalSection(SolutionConfigurationPlatforms) = preSolution
		Debug|Any CPU = Debug|Any CPU
		Release|Any CPU = Release|Any CPU
	EndGlobalSection
	GlobalSection(ProjectConfigurationPlatforms) = postSolution
		{F6CB456B-96E1-405F-90D9-A95940D8EABA}.Debug|Any CPU.ActiveCfg = Debug|Any CPU
		{F6CB456B-96E1-405F-90D9-A95940D8EABA}.Debug|Any CPU.Build.0 = Debug|Any CPU
		{F6CB456B-96E1-405F-90D9-A95940D8EABA}.Release|Any CPU.ActiveCfg = Release|Any CPU
		{F6CB456B-96E1-405F-90D9-A95940D8EABA}.Release|Any CPU.Build.0 = Release|Any CPU
	EndGlobalSection
	GlobalSection(SolutionProperties) = preSolution
		HideSolutionNode = FALSE
	EndGlobalSection
	GlobalSection(ExtensibilityGlobals) = postSolution
		SolutionGuid = {844F7719-D6B3-48F0-8875-F00BD071A820}
	EndGlobalSection
EndGlobal
